
Microsoft Visual Studio Solution File, Format Version 12.00
# Visual Studio Version 17
VisualStudioVersion = 17.0.31912.275
MinimumVisualStudioVersion = 10.0.40219.1
Project("{9A19103F-16F7-4668-BE54-9A1E7A4F7556}") = "CreditRatingClient", "CreditRatingClient.csproj", "{AE4E7B9C-9EBD-49BD-9DE2-95DF3248BD28}"
EndProject
Global
	GlobalSection(SolutionConfigurationPlatforms) = preSolution
		Debug|Any CPU = Debug|Any CPU
		Release|Any CPU = Release|Any CPU
	EndGlobalSection
	GlobalSection(ProjectConfigurationPlatforms) = postSolution
		{AE4E7B9C-9EBD-49BD-9DE2-95DF3248BD28}.Debug|Any CPU.ActiveCfg = Debug|Any CPU
		{AE4E7B9C-9EBD-49BD-9DE2-95DF3248BD28}.Debug|Any CPU.Build.0 = Debug|Any CPU
		{AE4E7B9C-9EBD-49BD-9DE2-95DF3248BD28}.Release|Any CPU.ActiveCfg = Release|Any CPU
		{AE4E7B9C-9EBD-49BD-9DE2-95DF3248BD28}.Release|Any CPU.Build.0 = Release|Any CPU
	EndGlobalSection
	GlobalSection(SolutionProperties) = preSolution
		HideSolutionNode = FALSE
	EndGlobalSection
	GlobalSection(ExtensibilityGlobals) = postSolution
		SolutionGuid = {B06D7563-9289-452F-A1F0-0D4BE078BF85}
	EndGlobalSection
EndGlobal
